Microsoft Visual Studio Solution File, Format Version 9.00
# Visual Studio 2005
Project("{8BC9CEB8-8B4A-11D0-8D11-00A0C91BC942}") = "genccode", "genccode.vcproj", "{EBBD3D8C-00B7-6406-D5CD-71455C1437C2}"
	ProjectSection(ProjectDependencies) = postProject
		{70E311A5-2846-B1FF-D719-A21D40F97D60} = {70E311A5-2846-B1FF-D719-A21D40F97D60}
		{C18D884D-D7FE-EE5C-60E4-7963034742A0} = {C18D884D-D7FE-EE5C-60E4-7963034742A0}
		{686027C8-4F3B-816F-E126-E2379AE018BE} = {686027C8-4F3B-816F-E126-E2379AE018BE}
	EndProjectSection
EndProject
Project("{8BC9CEB8-8B4A-11D0-8D11-00A0C91BC942}") = "genrb", "genrb.vcproj", "{5CB0D45A-9C9B-8406-F422-9A7124DEF37B}"
	ProjectSection(ProjectDependencies) = postProject
		{70E311A5-2846-B1FF-D719-A21D40F97D60} = {70E311A5-2846-B1FF-D719-A21D40F97D60}
		{C18D884D-D7FE-EE5C-60E4-7963034742A0} = {C18D884D-D7FE-EE5C-60E4-7963034742A0}
		{686027C8-4F3B-816F-E126-E2379AE018BE} = {686027C8-4F3B-816F-E126-E2379AE018BE}
	EndProjectSection
EndProject
Project("{8BC9CEB8-8B4A-11D0-8D11-00A0C91BC942}") = "icu_implementation", "icu_implementation.vcproj", "{C18D884D-D7FE-EE5C-60E4-7963034742A0}"
EndProject
Project("{8BC9CEB8-8B4A-11D0-8D11-00A0C91BC942}") = "icu_uconfig", "icu_uconfig.vcproj", "{686027C8-4F3B-816F-E126-E2379AE018BE}"
EndProject
Project("{8BC9CEB8-8B4A-11D0-8D11-00A0C91BC942}") = "icu_uconfig_target", "icu_uconfig_target.vcproj", "{384058C7-AE6A-3222-EE52-C72DAD10108B}"
EndProject
Project("{8BC9CEB8-8B4A-11D0-8D11-00A0C91BC942}") = "icudata", "icudata.vcproj", "{01BA03B7-0B1F-52EA-3DAC-C1B40C244399}"
	ProjectSection(ProjectDependencies) = postProject
		{EBBD3D8C-00B7-6406-D5CD-71455C1437C2} = {EBBD3D8C-00B7-6406-D5CD-71455C1437C2}
	EndProjectSection
EndProject
Project("{8BC9CEB8-8B4A-11D0-8D11-00A0C91BC942}") = "icui18n", "icui18n.vcproj", "{81FEE8E7-0303-6C57-5A62-D2F693DC19BA}"
	ProjectSection(ProjectDependencies) = postProject
		{C18D884D-D7FE-EE5C-60E4-7963034742A0} = {C18D884D-D7FE-EE5C-60E4-7963034742A0}
		{686027C8-4F3B-816F-E126-E2379AE018BE} = {686027C8-4F3B-816F-E126-E2379AE018BE}
		{384058C7-AE6A-3222-EE52-C72DAD10108B} = {384058C7-AE6A-3222-EE52-C72DAD10108B}
	EndProjectSection
EndProject
Project("{8BC9CEB8-8B4A-11D0-8D11-00A0C91BC942}") = "iculslocs", "iculslocs.vcproj", "{3EEEFE69-82F3-5529-FB55-68068C0A865C}"
	ProjectSection(ProjectDependencies) = postProject
		{70E311A5-2846-B1FF-D719-A21D40F97D60} = {70E311A5-2846-B1FF-D719-A21D40F97D60}
		{C18D884D-D7FE-EE5C-60E4-7963034742A0} = {C18D884D-D7FE-EE5C-60E4-7963034742A0}
		{686027C8-4F3B-816F-E126-E2379AE018BE} = {686027C8-4F3B-816F-E126-E2379AE018BE}
	EndProjectSection
EndProject
Project("{8BC9CEB8-8B4A-11D0-8D11-00A0C91BC942}") = "icupkg", "icupkg.vcproj", "{5B63BA66-B883-CEFC-8945-272D16527248}"
	ProjectSection(ProjectDependencies) = postProject
		{70E311A5-2846-B1FF-D719-A21D40F97D60} = {70E311A5-2846-B1FF-D719-A21D40F97D60}
		{C18D884D-D7FE-EE5C-60E4-7963034742A0} = {C18D884D-D7FE-EE5C-60E4-7963034742A0}
		{686027C8-4F3B-816F-E126-E2379AE018BE} = {686027C8-4F3B-816F-E126-E2379AE018BE}
	EndProjectSection
EndProject
Project("{8BC9CEB8-8B4A-11D0-8D11-00A0C91BC942}") = "icustubdata", "icustubdata.vcproj", "{310473FE-149E-1443-915F-3B22AA981B7D}"
	ProjectSection(ProjectDependencies) = postProject
		{C18D884D-D7FE-EE5C-60E4-7963034742A0} = {C18D884D-D7FE-EE5C-60E4-7963034742A0}
	EndProjectSection
EndProject
Project("{8BC9CEB8-8B4A-11D0-8D11-00A0C91BC942}") = "icutools", "icutools.vcproj", "{70E311A5-2846-B1FF-D719-A21D40F97D60}"
	ProjectSection(ProjectDependencies) = postProject
		{C18D884D-D7FE-EE5C-60E4-7963034742A0} = {C18D884D-D7FE-EE5C-60E4-7963034742A0}
		{686027C8-4F3B-816F-E126-E2379AE018BE} = {686027C8-4F3B-816F-E126-E2379AE018BE}
	EndProjectSection
EndProject
Project("{8BC9CEB8-8B4A-11D0-8D11-00A0C91BC942}") = "icuuc", "icuuc.vcproj", "{4B1330BF-BDE2-1B6B-40DB-E058FEB5F9F8}"
	ProjectSection(ProjectDependencies) = postProject
		{B91078E3-376F-A964-9EFE-28D31847D097} = {B91078E3-376F-A964-9EFE-28D31847D097}
		{01BA03B7-0B1F-52EA-3DAC-C1B40C244399} = {01BA03B7-0B1F-52EA-3DAC-C1B40C244399}
	EndProjectSection
EndProject
Project("{8BC9CEB8-8B4A-11D0-8D11-00A0C91BC942}") = "icuucx", "icuucx.vcproj", "{B91078E3-376F-A964-9EFE-28D31847D097}"
	ProjectSection(ProjectDependencies) = postProject
		{C18D884D-D7FE-EE5C-60E4-7963034742A0} = {C18D884D-D7FE-EE5C-60E4-7963034742A0}
		{686027C8-4F3B-816F-E126-E2379AE018BE} = {686027C8-4F3B-816F-E126-E2379AE018BE}
		{384058C7-AE6A-3222-EE52-C72DAD10108B} = {384058C7-AE6A-3222-EE52-C72DAD10108B}
	EndProjectSection
EndProject
Global
	GlobalSection(SolutionConfigurationPlatforms) = preSolution
		Debug|x64 = Debug|x64
		Release|x64 = Release|x64
	EndGlobalSection
	GlobalSection(ProjectConfigurationPlatforms) = postSolution
		{01BA03B7-0B1F-52EA-3DAC-C1B40C244399}.Debug|x64.ActiveCfg = Debug|x64
		{01BA03B7-0B1F-52EA-3DAC-C1B40C244399}.Debug|x64.Build.0 = Debug|x64
		{01BA03B7-0B1F-52EA-3DAC-C1B40C244399}.Release|x64.ActiveCfg = Release|x64
		{01BA03B7-0B1F-52EA-3DAC-C1B40C244399}.Release|x64.Build.0 = Release|x64
		{310473FE-149E-1443-915F-3B22AA981B7D}.Debug|x64.ActiveCfg = Debug|x64
		{310473FE-149E-1443-915F-3B22AA981B7D}.Debug|x64.Build.0 = Debug|x64
		{310473FE-149E-1443-915F-3B22AA981B7D}.Release|x64.ActiveCfg = Release|x64
		{310473FE-149E-1443-915F-3B22AA981B7D}.Release|x64.Build.0 = Release|x64
		{384058C7-AE6A-3222-EE52-C72DAD10108B}.Debug|x64.ActiveCfg = Debug|x64
		{384058C7-AE6A-3222-EE52-C72DAD10108B}.Debug|x64.Build.0 = Debug|x64
		{384058C7-AE6A-3222-EE52-C72DAD10108B}.Release|x64.ActiveCfg = Release|x64
		{384058C7-AE6A-3222-EE52-C72DAD10108B}.Release|x64.Build.0 = Release|x64
		{3EEEFE69-82F3-5529-FB55-68068C0A865C}.Debug|x64.ActiveCfg = Debug|x64
		{3EEEFE69-82F3-5529-FB55-68068C0A865C}.Debug|x64.Build.0 = Debug|x64
		{3EEEFE69-82F3-5529-FB55-68068C0A865C}.Release|x64.ActiveCfg = Release|x64
		{3EEEFE69-82F3-5529-FB55-68068C0A865C}.Release|x64.Build.0 = Release|x64
		{4B1330BF-BDE2-1B6B-40DB-E058FEB5F9F8}.Debug|x64.ActiveCfg = Debug|x64
		{4B1330BF-BDE2-1B6B-40DB-E058FEB5F9F8}.Debug|x64.Build.0 = Debug|x64
		{4B1330BF-BDE2-1B6B-40DB-E058FEB5F9F8}.Release|x64.ActiveCfg = Release|x64
		{4B1330BF-BDE2-1B6B-40DB-E058FEB5F9F8}.Release|x64.Build.0 = Release|x64
		{5B63BA66-B883-CEFC-8945-272D16527248}.Debug|x64.ActiveCfg = Debug|x64
		{5B63BA66-B883-CEFC-8945-272D16527248}.Debug|x64.Build.0 = Debug|x64
		{5B63BA66-B883-CEFC-8945-272D16527248}.Release|x64.ActiveCfg = Release|x64
		{5B63BA66-B883-CEFC-8945-272D16527248}.Release|x64.Build.0 = Release|x64
		{5CB0D45A-9C9B-8406-F422-9A7124DEF37B}.Debug|x64.ActiveCfg = Debug|x64
		{5CB0D45A-9C9B-8406-F422-9A7124DEF37B}.Debug|x64.Build.0 = Debug|x64
		{5CB0D45A-9C9B-8406-F422-9A7124DEF37B}.Release|x64.ActiveCfg = Release|x64
		{5CB0D45A-9C9B-8406-F422-9A7124DEF37B}.Release|x64.Build.0 = Release|x64
		{686027C8-4F3B-816F-E126-E2379AE018BE}.Debug|x64.ActiveCfg = Debug|x64
		{686027C8-4F3B-816F-E126-E2379AE018BE}.Debug|x64.Build.0 = Debug|x64
		{686027C8-4F3B-816F-E126-E2379AE018BE}.Release|x64.ActiveCfg = Release|x64
		{686027C8-4F3B-816F-E126-E2379AE018BE}.Release|x64.Build.0 = Release|x64
		{70E311A5-2846-B1FF-D719-A21D40F97D60}.Debug|x64.ActiveCfg = Debug|x64
		{70E311A5-2846-B1FF-D719-A21D40F97D60}.Debug|x64.Build.0 = Debug|x64
		{70E311A5-2846-B1FF-D719-A21D40F97D60}.Release|x64.ActiveCfg = Release|x64
		{70E311A5-2846-B1FF-D719-A21D40F97D60}.Release|x64.Build.0 = Release|x64
		{81FEE8E7-0303-6C57-5A62-D2F693DC19BA}.Debug|x64.ActiveCfg = Debug|x64
		{81FEE8E7-0303-6C57-5A62-D2F693DC19BA}.Debug|x64.Build.0 = Debug|x64
		{81FEE8E7-0303-6C57-5A62-D2F693DC19BA}.Release|x64.ActiveCfg = Release|x64
		{81FEE8E7-0303-6C57-5A62-D2F693DC19BA}.Release|x64.Build.0 = Release|x64
		{B91078E3-376F-A964-9EFE-28D31847D097}.Debug|x64.ActiveCfg = Debug|x64
		{B91078E3-376F-A964-9EFE-28D31847D097}.Debug|x64.Build.0 = Debug|x64
		{B91078E3-376F-A964-9EFE-28D31847D097}.Release|x64.ActiveCfg = Release|x64
		{B91078E3-376F-A964-9EFE-28D31847D097}.Release|x64.Build.0 = Release|x64
		{C18D884D-D7FE-EE5C-60E4-7963034742A0}.Debug|x64.ActiveCfg = Debug|x64
		{C18D884D-D7FE-EE5C-60E4-7963034742A0}.Debug|x64.Build.0 = Debug|x64
		{C18D884D-D7FE-EE5C-60E4-7963034742A0}.Release|x64.ActiveCfg = Release|x64
		{C18D884D-D7FE-EE5C-60E4-7963034742A0}.Release|x64.Build.0 = Release|x64
		{EBBD3D8C-00B7-6406-D5CD-71455C1437C2}.Debug|x64.ActiveCfg = Debug|x64
		{EBBD3D8C-00B7-6406-D5CD-71455C1437C2}.Debug|x64.Build.0 = Debug|x64
		{EBBD3D8C-00B7-6406-D5CD-71455C1437C2}.Release|x64.ActiveCfg = Release|x64
		{EBBD3D8C-00B7-6406-D5CD-71455C1437C2}.Release|x64.Build.0 = Release|x64
	EndGlobalSection
	GlobalSection(SolutionProperties) = preSolution
		HideSolutionNode = FALSE
	EndGlobalSection
EndGlobal
